<?xml version="1.0" encoding="utf-8"?>
<Project ToolsVersion="4.0" xmlns="http://schemas.microsoft.com/developer/msbuild/2003">
  <ItemGroup>
    <Filter Include="Source Files">
      <UniqueIdentifier>{4FC737F1-C7A5-4376-A066-2A32D752A2FF}</UniqueIdentifier>
      <Extensions>cpp;c;cc;cxx;def;odl;idl;hpj;bat;asm;asmx</Extensions>
    </Filter>
    <Filter Include="Header Files">
      <UniqueIdentifier>{93995380-89BD-4b04-88EB-625FBE52EBFB}</UniqueIdentifier>
      <Extensions>h;hh;hpp;hxx;hm;inl;inc;xsd</Extensions>
    </Filter>
    <Filter Include="Resource Files">
      <UniqueIdentifier>{67DA6AB6-F800-4c08-8B7A-83BB121AAD01}</UniqueIdentifier>
      <Extensions>rc;ico;cur;bmp;dlg;rc2;rct;bin;rgs;gif;jpg;jpeg;jpe;resx;tiff;tif;png;wav;mfcribbon-ms</Extensions>
    </Filter>
    <Filter Include="Generated Files">
      <UniqueIdentifier>{71ED8ED8-ACB9-4CE9-BBE1-E00B30144E11}</UniqueIdentifier>
      <Extensions>moc;h;cpp</Extensions>
      <ParseFiles>true</ParseFiles>
    </Filter>
    <Filter Include="Generated Files\Debug">
      <UniqueIdentifier>{c11014d0-37a3-4128-8882-85ce9f5cfb4f}</UniqueIdentifier>
      <Extensions>cpp;moc</Extensions>
      <SourceControlFiles>False</SourceControlFiles>
    </Filter>
    <Filter Include="Generated Files\Release">
      <UniqueIdentifier>{39bc7745-7664-4977-840b-e7903ecf1c29}</UniqueIdentifier>
      <Extensions>cpp;moc</Extensions>
      <SourceControlFiles>False</SourceControlFiles>
    </Filter>
  </ItemGroup>
  <ItemGroup>
    <ClCompile Include="stdafx.cpp">
      <Filter>Source Files</Filter>
    </ClCompile>
    <ClCompile Include="MetricRadarGraphSystem.cpp">
      <Filter>Source Files</Filter>
    </ClCompile>
    <ClCompile Include="MDIMainWindow.cpp">
      <Filter>Source Files</Filter>
    </ClCompile>
    <ClCompile Include="ParseData.cpp">
      <Filter>Source Files</Filter>
    </ClCompile>
    <ClCompile Include="ParseRasterFile.cpp">
      <Filter>Source Files</Filter>
    </ClCompile>
    <ClCompile Include="ColorBar.cpp">
      <Filter>Source Files</Filter>
    </ClCompile>
    <ClCompile Include="ConfigurableColorBar.cpp">
      <Filter>Source Files</Filter>
    </ClCompile>
    <ClCompile Include="RadarRasterData.cpp">
      <Filter>Source Files</Filter>
    </ClCompile>
    <ClCompile Include="RadarColorMap.cpp">
      <Filter>Source Files</Filter>
    </ClCompile>
    <ClCompile Include="AccessClassifyConfig.cpp">
      <Filter>Source Files</Filter>
    </ClCompile>
    <ClCompile Include="GeneratedFiles\Debug\moc_MDIMainWindow.cpp">
      <Filter>Generated Files\Debug</Filter>
    </ClCompile>
    <ClCompile Include="GeneratedFiles\Release\moc_MDIMainWindow.cpp">
      <Filter>Generated Files\Release</Filter>
    </ClCompile>
    <ClCompile Include="CurveData.cpp">
      <Filter>Source Files</Filter>
    </ClCompile>
    <ClCompile Include="RadarCurveData.cpp">
      <Filter>Source Files</Filter>
    </ClCompile>
    <ClCompile Include="GeneratedFiles\Debug\moc_RasterPlot.cpp">
      <Filter>Generated Files\Debug</Filter>
    </ClCompile>
    <ClCompile Include="GeneratedFiles\Release\moc_RasterPlot.cpp">
      <Filter>Generated Files\Release</Filter>
    </ClCompile>
    <ClCompile Include="RasterPlot.cpp">
      <Filter>Source Files</Filter>
    </ClCompile>
    <ClCompile Include="BasicPlot.cpp">
      <Filter>Source Files</Filter>
    </ClCompile>
    <ClCompile Include="ColorTableDialog.cpp">
      <Filter>Source Files</Filter>
    </ClCompile>
    <ClCompile Include="GeneratedFiles\Debug\moc_ColorTableDialog.cpp">
      <Filter>Generated Files\Debug</Filter>
    </ClCompile>
    <ClCompile Include="GeneratedFiles\Release\moc_ColorTableDialog.cpp">
      <Filter>Generated Files\Release</Filter>
    </ClCompile>
    <ClCompile Include="TableView.cpp">
      <Filter>Source Files</Filter>
    </ClCompile>
    <ClCompile Include="MyLegend.cpp">
      <Filter>Source Files</Filter>
    </ClCompile>
    <ClCompile Include="GeneratedFiles\Debug\moc_MyLegend.cpp">
      <Filter>Generated Files\Debug</Filter>
    </ClCompile>
    <ClCompile Include="GeneratedFiles\Release\moc_MyLegend.cpp">
      <Filter>Generated Files\Release</Filter>
    </ClCompile>
    <ClCompile Include="NonlinearityColorMap.cpp">
      <Filter>Source Files</Filter>
    </ClCompile>
    <ClCompile Include="NonlinearityColorBarWidget.cpp">
      <Filter>Source Files</Filter>
    </ClCompile>
    <ClCompile Include="AttachTreeItem.cpp">
      <Filter>Source Files</Filter>
    </ClCompile>
    <ClCompile Include="SubWindow.cpp">
      <Filter>Source Files</Filter>
    </ClCompile>
    <ClCompile Include="MainSettingsDialog.cpp">
      <Filter>Source Files</Filter>
    </ClCompile>
    <ClCompile Include="RadarPlotPicker.cpp">
      <Filter>Source Files</Filter>
    </ClCompile>
    <ClCompile Include="GeneratedFiles\Debug\moc_RadarPlotPicker.cpp">
      <Filter>Generated Files\Debug</Filter>
    </ClCompile>
    <ClCompile Include="GeneratedFiles\Release\moc_RadarPlotPicker.cpp">
      <Filter>Generated Files\Release</Filter>
    </ClCompile>
    <ClCompile Include="TimeScaleDraw.cpp">
      <Filter>Source Files</Filter>
    </ClCompile>
  </ItemGroup>
  <ItemGroup>
    <CustomBuild Include="ReadMe.txt" />
    <CustomBuild Include="ColorBar.h">
      <Filter>Header Files</Filter>
    </CustomBuild>
    <CustomBuild Include="ConfigurableColorBar.h">
      <Filter>Header Files</Filter>
    </CustomBuild>
    <CustomBuild Include="MDIMainWindow.h">
      <Filter>Header Files</Filter>
    </CustomBuild>
    <CustomBuild Include="ParseData.h">
      <Filter>Header Files</Filter>
    </CustomBuild>
    <CustomBuild Include="ParseRasterFile.h">
      <Filter>Header Files</Filter>
    </CustomBuild>
    <CustomBuild Include="stdafx.h">
      <Filter>Header Files</Filter>
    </CustomBuild>
    <CustomBuild Include="targetver.h">
      <Filter>Header Files</Filter>
    </CustomBuild>
    <CustomBuild Include="RasterPlot.h">
      <Filter>Header Files</Filter>
    </CustomBuild>
    <CustomBuild Include="MakeColorTable.ui">
      <Filter>Resource Files</Filter>
    </CustomBuild>
    <CustomBuild Include="ColorTableDialog.h">
      <Filter>Header Files</Filter>
    </CustomBuild>
    <CustomBuild Include="TableView.ui">
      <Filter>Resource Files</Filter>
    </CustomBuild>
    <CustomBuild Include="MyLegend.h">
      <Filter>Header Files</Filter>
    </CustomBuild>
    <CustomBuild Include="MainSetting.ui">
      <Filter>Resource Files</Filter>
    </CustomBuild>
    <CustomBuild Include="MainWindowUI.ui">
      <Filter>Resource Files</Filter>
    </CustomBuild>
    <CustomBuild Include="RadarPlotPicker.h">
      <Filter>Header Files</Filter>
    </CustomBuild>
  </ItemGroup>
  <ItemGroup>
    <ClInclude Include="RadarRasterData.h">
      <Filter>Header Files</Filter>
    </ClInclude>
    <ClInclude Include="RadarColorMap.h">
      <Filter>Header Files</Filter>
    </ClInclude>
    <ClInclude Include="AccessClassifyConfig.h">
      <Filter>Header Files</Filter>
    </ClInclude>
    <ClInclude Include="CurveData.h">
      <Filter>Header Files</Filter>
    </ClInclude>
    <ClInclude Include="RadarCurveData.h">
      <Filter>Header Files</Filter>
    </ClInclude>
    <ClInclude Include="BasicPlot.h">
      <Filter>Header Files</Filter>
    </ClInclude>
    <ClInclude Include="GeneratedFiles\ui_MakeColorTable.h">
      <Filter>Generated Files</Filter>
    </ClInclude>
    <ClInclude Include="GeneratedFiles\ui_TableView.h">
      <Filter>Generated Files</Filter>
    </ClInclude>
    <ClInclude Include="TableView.h">
      <Filter>Header Files</Filter>
    </ClInclude>
    <ClInclude Include="NonlinearityColorMap.h">
      <Filter>Header Files</Filter>
    </ClInclude>
    <ClInclude Include="NonlinearityColorBarWidget.h">
      <Filter>Header Files</Filter>
    </ClInclude>
    <ClInclude Include="AttachTreeItem.h">
      <Filter>Header Files</Filter>
    </ClInclude>
    <ClInclude Include="SubWindow.h">
      <Filter>Header Files</Filter>
    </ClInclude>
    <ClInclude Include="GeneratedFiles\ui_MainSetting.h">
      <Filter>Generated Files</Filter>
    </ClInclude>
    <ClInclude Include="MainSettingsDialog.h">
      <Filter>Header Files</Filter>
    </ClInclude>
    <ClInclude Include="GeneratedFiles\ui_MainWindowUI.h">
      <Filter>Generated Files</Filter>
    </ClInclude>
    <ClInclude Include="TimeScaleDraw.h">
      <Filter>Header Files</Filter>
    </ClInclude>
    <ClInclude Include="resource.h">
      <Filter>Header Files</Filter>
    </ClInclude>
  </ItemGroup>
  <ItemGroup>
    <ResourceCompile Include="Resource.rc">
      <Filter>Resource Files</Filter>
    </ResourceCompile>
  </ItemGroup>
  <ItemGroup>
    <Image Include="..\Debug\icon\app.png">
      <Filter>Resource Files</Filter>
    </Image>
  </ItemGroup>
</Project>